Microsoft Visual Studio Solution File, Format Version 12.00
Project("{FAE04EC0-301F-11D3-BF4B-00C04F79EFBC}") = "Chat", "src\Services\Chat\Chat.csproj", "{DA978E2C-0ABC-46F1-95B4-7CE9E67B3FB5}"
EndProject
Project("{FAE04EC0-301F-11D3-BF4B-00C04F79EFBC}") = "Operation", "src\Services\Operation\Operation.csproj", "{524482DA-24E9-46AF-B8F3-495A3CDFC5AE}"
EndProject
Project("{FAE04EC0-301F-11D3-BF4B-00C04F79EFBC}") = "Subrace", "src\Services\Subrace\Subrace.csproj", "{DE6A0449-2E1B-44C1-A08C-F7EA86A34532}"
EndProject
Project("{FAE04EC0-301F-11D3-BF4B-00C04F79EFBC}") = "Tracking", "src\Services\Tracking\Tracking.csproj", "{B4D751AD-913F-46FF-B27A-0D8F020B55C2}"
EndProject
Global
	GlobalSection(SolutionConfigurationPlatforms) = preSolution
		Debug|Any CPU = Debug|Any CPU
		Release|Any CPU = Release|Any CPU
	EndGlobalSection
	GlobalSection(ProjectConfigurationPlatforms) = postSolution
		{DA978E2C-0ABC-46F1-95B4-7CE9E67B3FB5}.Debug|Any CPU.ActiveCfg = Debug|Any CPU
		{DA978E2C-0ABC-46F1-95B4-7CE9E67B3FB5}.Debug|Any CPU.Build.0 = Debug|Any CPU
		{DA978E2C-0ABC-46F1-95B4-7CE9E67B3FB5}.Release|Any CPU.ActiveCfg = Release|Any CPU
		{DA978E2C-0ABC-46F1-95B4-7CE9E67B3FB5}.Release|Any CPU.Build.0 = Release|Any CPU
		{524482DA-24E9-46AF-B8F3-495A3CDFC5AE}.Debug|Any CPU.ActiveCfg = Debug|Any CPU
		{524482DA-24E9-46AF-B8F3-495A3CDFC5AE}.Debug|Any CPU.Build.0 = Debug|Any CPU
		{524482DA-24E9-46AF-B8F3-495A3CDFC5AE}.Release|Any CPU.ActiveCfg = Release|Any CPU
		{524482DA-24E9-46AF-B8F3-495A3CDFC5AE}.Release|Any CPU.Build.0 = Release|Any CPU
		{DE6A0449-2E1B-44C1-A08C-F7EA86A34532}.Debug|Any CPU.ActiveCfg = Debug|Any CPU
		{DE6A0449-2E1B-44C1-A08C-F7EA86A34532}.Debug|Any CPU.Build.0 = Debug|Any CPU
		{DE6A0449-2E1B-44C1-A08C-F7EA86A34532}.Release|Any CPU.ActiveCfg = Release|Any CPU
		{DE6A0449-2E1B-44C1-A08C-F7EA86A34532}.Release|Any CPU.Build.0 = Release|Any CPU
		{B4D751AD-913F-46FF-B27A-0D8F020B55C2}.Debug|Any CPU.ActiveCfg = Debug|Any CPU
		{B4D751AD-913F-46FF-B27A-0D8F020B55C2}.Debug|Any CPU.Build.0 = Debug|Any CPU
		{B4D751AD-913F-46FF-B27A-0D8F020B55C2}.Release|Any CPU.ActiveCfg = Release|Any CPU
		{B4D751AD-913F-46FF-B27A-0D8F020B55C2}.Release|Any CPU.Build.0 = Release|Any CPU
	EndGlobalSection
EndGlobal
